
Microsoft Visual Studio Solution File, Format Version 12.00
# Visual Studio Version 16
VisualStudioVersion = 16.0.30907.101
MinimumVisualStudioVersion = 10.0.40219.1
Project("{FAE04EC0-301F-11D3-BF4B-00C04F79EFBC}") = "GearEditor", "GearEditor\GearEditor.csproj", "{5CD83BB2-A8E7-4BFD-9885-7B4BD3498733}"
EndProject
Project("{9A19103F-16F7-4668-BE54-9A1E7A4F7556}") = "Fundamentals", "Fundamentals\Fundamentals.csproj", "{89923E75-4156-47F7-93D1-19D13B79A846}"
EndProject
Project("{9A19103F-16F7-4668-BE54-9A1E7A4F7556}") = "TravellerData", "TravellerData\TravellerData.csproj", "{C5057C4E-BC9E-4A7A-8B1D-AD90EE4B0971}"
EndProject
Global
	GlobalSection(SolutionConfigurationPlatforms) = preSolution
		Debug|Any CPU = Debug|Any CPU
		Release|Any CPU = Release|Any CPU
	EndGlobalSection
	GlobalSection(ProjectConfigurationPlatforms) = postSolution
		{5CD83BB2-A8E7-4BFD-9885-7B4BD3498733}.Debug|Any CPU.ActiveCfg = Debug|Any CPU
		{5CD83BB2-A8E7-4BFD-9885-7B4BD3498733}.Debug|Any CPU.Build.0 = Debug|Any CPU
		{5CD83BB2-A8E7-4BFD-9885-7B4BD3498733}.Release|Any CPU.ActiveCfg = Release|Any CPU
		{5CD83BB2-A8E7-4BFD-9885-7B4BD3498733}.Release|Any CPU.Build.0 = Release|Any CPU
		{89923E75-4156-47F7-93D1-19D13B79A846}.Debug|Any CPU.ActiveCfg = Debug|Any CPU
		{89923E75-4156-47F7-93D1-19D13B79A846}.Debug|Any CPU.Build.0 = Debug|Any CPU
		{89923E75-4156-47F7-93D1-19D13B79A846}.Release|Any CPU.ActiveCfg = Release|Any CPU
		{89923E75-4156-47F7-93D1-19D13B79A846}.Release|Any CPU.Build.0 = Release|Any CPU
		{C5057C4E-BC9E-4A7A-8B1D-AD90EE4B0971}.Debug|Any CPU.ActiveCfg = Debug|Any CPU
		{C5057C4E-BC9E-4A7A-8B1D-AD90EE4B0971}.Debug|Any CPU.Build.0 = Debug|Any CPU
		{C5057C4E-BC9E-4A7A-8B1D-AD90EE4B0971}.Release|Any CPU.ActiveCfg = Release|Any CPU
		{C5057C4E-BC9E-4A7A-8B1D-AD90EE4B0971}.Release|Any CPU.Build.0 = Release|Any CPU
	EndGlobalSection
	GlobalSection(SolutionProperties) = preSolution
		HideSolutionNode = FALSE
	EndGlobalSection
	GlobalSection(ExtensibilityGlobals) = postSolution
		SolutionGuid = {4973D4F4-419D-4A55-8034-8295545A2060}
	EndGlobalSection
EndGlobal
