
Microsoft Visual Studio Solution File, Format Version 12.00
# Visual Studio Version 16
VisualStudioVersion = 16.0.30907.101
MinimumVisualStudioVersion = 10.0.40219.1
Project("{FAE04EC0-301F-11D3-BF4B-00C04F79EFBC}") = "CreatureEncounterGen", "CreatureEncounterGen.csproj", "{A754F4A9-E7BE-4198-834B-C212CD6F5C79}"
EndProject
Global
	GlobalSection(SolutionConfigurationPlatforms) = preSolution
		Debug|Any CPU = Debug|Any CPU
		Release|Any CPU = Release|Any CPU
	EndGlobalSection
	GlobalSection(ProjectConfigurationPlatforms) = postSolution
		{A754F4A9-E7BE-4198-834B-C212CD6F5C79}.Debug|Any CPU.ActiveCfg = Debug|Any CPU
		{A754F4A9-E7BE-4198-834B-C212CD6F5C79}.Debug|Any CPU.Build.0 = Debug|Any CPU
		{A754F4A9-E7BE-4198-834B-C212CD6F5C79}.Release|Any CPU.ActiveCfg = Release|Any CPU
		{A754F4A9-E7BE-4198-834B-C212CD6F5C79}.Release|Any CPU.Build.0 = Release|Any CPU
	EndGlobalSection
	GlobalSection(SolutionProperties) = preSolution
		HideSolutionNode = FALSE
	EndGlobalSection
	GlobalSection(ExtensibilityGlobals) = postSolution
		SolutionGuid = {6FC2203C-0A52-434E-9F87-7E86C996DEBF}
	EndGlobalSection
EndGlobal
