
Microsoft Visual Studio Solution File, Format Version 12.00
# Visual Studio Version 16
VisualStudioVersion = 16.0.30907.101
MinimumVisualStudioVersion = 10.0.40219.1
Project("{FAE04EC0-301F-11D3-BF4B-00C04F79EFBC}") = "TravellerCombatTool", "TravellerCombatTool\TravellerCombatTool.csproj", "{B7B6D0E5-75FE-4214-BB58-A973F9BEB7AA}"
EndProject
Global
	GlobalSection(SolutionConfigurationPlatforms) = preSolution
		Debug|Any CPU = Debug|Any CPU
		Release|Any CPU = Release|Any CPU
	EndGlobalSection
	GlobalSection(ProjectConfigurationPlatforms) = postSolution
		{B7B6D0E5-75FE-4214-BB58-A973F9BEB7AA}.Debug|Any CPU.ActiveCfg = Debug|Any CPU
		{B7B6D0E5-75FE-4214-BB58-A973F9BEB7AA}.Debug|Any CPU.Build.0 = Debug|Any CPU
		{B7B6D0E5-75FE-4214-BB58-A973F9BEB7AA}.Release|Any CPU.ActiveCfg = Release|Any CPU
		{B7B6D0E5-75FE-4214-BB58-A973F9BEB7AA}.Release|Any CPU.Build.0 = Release|Any CPU
	EndGlobalSection
	GlobalSection(SolutionProperties) = preSolution
		HideSolutionNode = FALSE
	EndGlobalSection
	GlobalSection(ExtensibilityGlobals) = postSolution
		SolutionGuid = {C0F9D27A-86C2-4AD0-B4BE-CC50E30229F1}
	EndGlobalSection
EndGlobal
